// !$*UTF8*$!
{
	archiveVersion = 1;
	classes = {
	};
	objectVersion = 50;
	objects = {

/* Begin PBXBuildFile section */
		5C9F667C24FCC3B300B49936 /* AppDelegate.swift in Sources */ = {isa = PBXBuildFile; fileRef = 5C9F667B24FCC3B300B49936 /* AppDelegate.swift */; };
		5C9F667E24FCC3B300B49936 /* SceneDelegate.swift in Sources */ = {isa = PBXBuildFile; fileRef = 5C9F667D24FCC3B300B49936 /* SceneDelegate.swift */; };
		5C9F668024FCC3B300B49936 /* ViewController.swift in Sources */ = {isa = PBXBuildFile; fileRef = 5C9F667F24FCC3B300B49936 /* ViewController.swift */; };
		5C9F668324FCC3B300B49936 /* Main.storyboard in Resources */ = {isa = PBXBuildFile; fileRef = 5C9F668124FCC3B300B49936 /* Main.storyboard */; };
		5C9F668524FCC3B400B49936 /* Assets.xcassets in Resources */ = {isa = PBXBuildFile; fileRef = 5C9F668424FCC3B400B49936 /* Assets.xcassets */; };
		5C9F668824FCC3B400B49936 /* LaunchScreen.storyboard in Resources */ = {isa = PBXBuildFile; fileRef = 5C9F668624FCC3B400B49936 /* LaunchScreen.storyboard */; };
		5C9F669324FCC3B400B49936 /* NumberOfTimesTests.swift in Sources */ = {isa = PBXBuildFile; fileRef = 5C9F669224FCC3B400B49936 /* NumberOfTimesTests.swift */; };
		5C9F669E24FCC3B400B49936 /* NumberOfTimesUITests.swift in Sources */ = {isa = PBXBuildFile; fileRef = 5C9F669D24FCC3B400B49936 /* NumberOfTimesUITests.swift */; };
/* End PBXBuildFile section */

/* Begin PBXContainerItemProxy section */
		5C9F668F24FCC3B400B49936 /* PBXContainerItemProxy */ = {
			isa = PBXContainerItemProxy;
			containerPortal = 5C9F667024FCC3B200B49936 /* Project object */;
			proxyType = 1;
			remoteGlobalIDString = 5C9F667724FCC3B300B49936;
			remoteInfo = NumberOfTimes;
		};
		5C9F669A24FCC3B400B49936 /* PBXContainerItemProxy */ = {
			isa = PBXContainerItemProxy;
			containerPortal = 5C9F667024FCC3B200B49936 /* Project object */;
			proxyType = 1;
			remoteGlobalIDString = 5C9F667724FCC3B300B49936;
			remoteInfo = NumberOfTimes;
		};
/* End PBXContainerItemProxy section */

/* Begin PBXFileReference section */
		5C9F667824FCC3B300B49936 /* NumberOfTimes.app */ = {isa = PBXFileReference; explicitFileType = wrapper.application; includeInIndex = 0; path = NumberOfTimes.app; sourceTree = BUILT_PRODUCTS_DIR; };
		5C9F667B24FCC3B300B49936 /* AppDelegate.swift */ = {isa = PBXFileReference; lastKnownFileType = sourcecode.swift; path = AppDelegate.swift; sourceTree = "<group>"; };
		5C9F667D24FCC3B300B49936 /* SceneDelegate.swift */ = {isa = PBXFileReference; lastKnownFileType = sourcecode.swift; path = SceneDelegate.swift; sourceTree = "<group>"; };
		5C9F667F24FCC3B300B49936 /* ViewController.swift */ = {isa = PBXFileReference; lastKnownFileType = sourcecode.swift; path = ViewController.swift; sourceTree = "<group>"; };
		5C9F668224FCC3B300B49936 /* Base */ = {isa = PBXFileReference; lastKnownFileType = file.storyboard; name = Base; path = Base.lproj/Main.storyboard; sourceTree = "<group>"; };
		5C9F668424FCC3B400B49936 /* Assets.xcassets */ = {isa = PBXFileReference; lastKnownFileType = folder.assetcatalog; path = Assets.xcassets; sourceTree = "<group>"; };
		5C9F668724FCC3B400B49936 /* Base */ = {isa = PBXFileReference; lastKnownFileType = file.storyboard; name = Base; path = Base.lproj/LaunchScreen.storyboard; sourceTree = "<group>"; };
		5C9F668924FCC3B400B49936 /* Info.plist */ = {isa = PBXFileReference; lastKnownFileType = text.plist.xml; path = Info.plist; sourceTree = "<group>"; };
		5C9F668E24FCC3B400B49936 /* NumberOfTimesTests.xctest */ = {isa = PBXFileReference; explicitFileType = wrapper.cfbundle; includeInIndex = 0; path = NumberOfTimesTests.xctest; sourceTree = BUILT_PRODUCTS_DIR; };
		5C9F669224FCC3B400B49936 /* NumberOfTimesTests.swift */ = {isa = PBXFileReference; lastKnownFileType = sourcecode.swift; path = NumberOfTimesTests.swift; sourceTree = "<group>"; };
		5C9F669424FCC3B400B49936 /* Info.plist */ = {isa = PBXFileReference; lastKnownFileType = text.plist.xml; path = Info.plist; sourceTree = "<group>"; };
		5C9F669924FCC3B400B49936 /* NumberOfTimesUITests.xctest */ = {isa = PBXFileReference; explicitFileType = wrapper.cfbundle; includeInIndex = 0; path = NumberOfTimesUITests.xctest; sourceTree = BUILT_PRODUCTS_DIR; };
		5C9F669D24FCC3B400B49936 /* NumberOfTimesUITests.swift */ = {isa = PBXFileReference; lastKnownFileType = sourcecode.swift; path = NumberOfTimesUITests.swift; sourceTree = "<group>"; };
		5C9F669F24FCC3B400B49936 /* Info.plist */ = {isa = PBXFileReference; lastKnownFileType = text.plist.xml; path = Info.plist; sourceTree = "<group>"; };
/* End PBXFileReference section */

/* Begin PBXFrameworksBuildPhase section */
		5C9F667524FCC3B300B49936 /* Frameworks */ = {
			isa = PBXFrameworksBuildPhase;
			buildActionMask = 2147483647;
			files = (
			);
			runOnlyForDeploymentPostprocessing = 0;
		};
		5C9F668B24FCC3B400B49936 /* Frameworks */ = {
			isa = PBXFrameworksBuildPhase;
			buildActionMask = 2147483647;
			files = (
			);
			runOnlyForDeploymentPostprocessing = 0;
		};
		5C9F669624FCC3B400B49936 /* Frameworks */ = {
			isa = PBXFrameworksBuildPhase;
			buildActionMask = 2147483647;
			files = (
			);
			runOnlyForDeploymentPostprocessing = 0;
		};
/* End PBXFrameworksBuildPhase section */

/* Begin PBXGroup section */
		5C9F666F24FCC3B200B49936 = {
			isa = PBXGroup;
			children = (
				5C9F667A24FCC3B300B49936 /* NumberOfTimes */,
				5C9F669124FCC3B400B49936 /* NumberOfTimesTests */,
				5C9F669C24FCC3B400B49936 /* NumberOfTimesUITests */,
				5C9F667924FCC3B300B49936 /* Products */,
			);
			sourceTree = "<group>";
		};
		5C9F667924FCC3B300B49936 /* Products */ = {
			isa = PBXGroup;
			children = (
				5C9F667824FCC3B300B49936 /* NumberOfTimes.app */,
				5C9F668E24FCC3B400B49936 /* NumberOfTimesTests.xctest */,
				5C9F669924FCC3B400B49936 /* NumberOfTimesUITests.xctest */,
			);
			name = Products;
			sourceTree = "<group>";
		};
		5C9F667A24FCC3B300B49936 /* NumberOfTimes */ = {
			isa = PBXGroup;
			children = (
				5C9F667B24FCC3B300B49936 /* AppDelegate.swift */,
				5C9F667D24FCC3B300B49936 /* SceneDelegate.swift */,
				5C9F667F24FCC3B300B49936 /* ViewController.swift */,
				5C9F668124FCC3B300B49936 /* Main.storyboard */,
				5C9F668424FCC3B400B49936 /* Assets.xcassets */,
				5C9F668624FCC3B400B49936 /* LaunchScreen.storyboard */,
				5C9F668924FCC3B400B49936 /* Info.plist */,
			);
			path = NumberOfTimes;
			sourceTree = "<group>";
		};
		5C9F669124FCC3B400B49936 /* NumberOfTimesTests */ = {
			isa = PBXGroup;
			children = (
				5C9F669224FCC3B400B49936 /* NumberOfTimesTests.swift */,
				5C9F669424FCC3B400B49936 /* Info.plist */,
			);
			path = NumberOfTimesTests;
			sourceTree = "<group>";
		};
		5C9F669C24FCC3B400B49936 /* NumberOfTimesUITests */ = {
			isa = PBXGroup;
			children = (
				5C9F669D24FCC3B400B49936 /* NumberOfTimesUITests.swift */,
				5C9F669F24FCC3B400B49936 /* Info.plist */,
			);
			path = NumberOfTimesUITests;
			sourceTree = "<group>";
		};
/* End PBXGroup section */

/* Begin PBXNativeTarget section */
		5C9F667724FCC3B300B49936 /* NumberOfTimes */ = {
			isa = PBXNativeTarget;
			buildConfigurationList = 5C9F66A224FCC3B400B49936 /* Build configuration list for PBXNativeTarget "NumberOfTimes" */;
			buildPhases = (
				5C9F667424FCC3B300B49936 /* Sources */,
				5C9F667524FCC3B300B49936 /* Frameworks */,
				5C9F667624FCC3B300B49936 /* Resources */,
			);
			buildRules = (
			);
			dependencies = (
			);
			name = NumberOfTimes;
			productName = NumberOfTimes;
			productReference = 5C9F667824FCC3B300B49936 /* NumberOfTimes.app */;
			productType = "com.apple.product-type.application";
		};
		5C9F668D24FCC3B400B49936 /* NumberOfTimesTests */ = {
			isa = PBXNativeTarget;
			buildConfigurationList = 5C9F66A524FCC3B400B49936 /* Build configuration list for PBXNativeTarget "NumberOfTimesTests" */;
			buildPhases = (
				5C9F668A24FCC3B400B49936 /* Sources */,
				5C9F668B24FCC3B400B49936 /* Frameworks */,
				5C9F668C24FCC3B400B49936 /* Resources */,
			);
			buildRules = (
			);
			dependencies = (
				5C9F669024FCC3B400B49936 /* PBXTargetDependency */,
			);
			name = NumberOfTimesTests;
			productName = NumberOfTimesTests;
			productReference = 5C9F668E24FCC3B400B49936 /* NumberOfTimesTests.xctest */;
			productType = "com.apple.product-type.bundle.unit-test";
		};
		5C9F669824FCC3B400B49936 /* NumberOfTimesUITests */ = {
			isa = PBXNativeTarget;
			buildConfigurationList = 5C9F66A824FCC3B400B49936 /* Build configuration list for PBXNativeTarget "NumberOfTimesUITests" */;
			buildPhases = (
				5C9F669524FCC3B400B49936 /* Sources */,
				5C9F669624FCC3B400B49936 /* Frameworks */,
				5C9F669724FCC3B400B49936 /* Resources */,
			);
			buildRules = (
			);
			dependencies = (
				5C9F669B24FCC3B400B49936 /* PBXTargetDependency */,
			);
			name = NumberOfTimesUITests;
			productName = NumberOfTimesUITests;
			productReference = 5C9F669924FCC3B400B49936 /* NumberOfTimesUITests.xctest */;
			productType = "com.apple.product-type.bundle.ui-testing";
		};
/* End PBXNativeTarget section */

/* Begin PBXProject section */
		5C9F667024FCC3B200B49936 /* Project object */ = {
			isa = PBXProject;
			attributes = {
				LastSwiftUpdateCheck = 1150;
				LastUpgradeCheck = 1150;
				ORGANIZATIONNAME = "Shreyas Vilaschandra Bhike";
				TargetAttributes = {
					5C9F667724FCC3B300B49936 = {
						CreatedOnToolsVersion = 11.5;
					};
					5C9F668D24FCC3B400B49936 = {
						CreatedOnToolsVersion = 11.5;
						TestTargetID = 5C9F667724FCC3B300B49936;
					};
					5C9F669824FCC3B400B49936 = {
						CreatedOnToolsVersion = 11.5;
						TestTargetID = 5C9F667724FCC3B300B49936;
					};
				};
			};
			buildConfigurationList = 5C9F667324FCC3B200B49936 /* Build configuration list for PBXProject "NumberOfTimes" */;
			compatibilityVersion = "Xcode 9.3";
			developmentRegion = en;
			hasScannedForEncodings = 0;
			knownRegions = (
				en,
				Base,
			);
			mainGroup = 5C9F666F24FCC3B200B49936;
			productRefGroup = 5C9F667924FCC3B300B49936 /* Products */;
			projectDirPath = "";
			projectRoot = "";
			targets = (
				5C9F667724FCC3B300B49936 /* NumberOfTimes */,
				5C9F668D24FCC3B400B49936 /* NumberOfTimesTests */,
				5C9F669824FCC3B400B49936 /* NumberOfTimesUITests */,
			);
		};
/* End PBXProject section */

/* Begin PBXResourcesBuildPhase section */
		5C9F667624FCC3B300B49936 /* Resources */ = {
			isa = PBXResourcesBuildPhase;
			buildActionMask = 2147483647;
			files = (
				5C9F668824FCC3B400B49936 /* LaunchScreen.storyboard in Resources */,
				5C9F668524FCC3B400B49936 /* Assets.xcassets in Resources */,
				5C9F668324FCC3B300B49936 /* Main.storyboard in Resources */,
			);
			runOnlyForDeploymentPostprocessing = 0;
		};
		5C9F668C24FCC3B400B49936 /* Resources */ = {
			isa = PBXResourcesBuildPhase;
			buildActionMask = 2147483647;
			files = (
			);
			runOnlyForDeploymentPostprocessing = 0;
		};
		5C9F669724FCC3B400B49936 /* Resources */ = {
			isa = PBXResourcesBuildPhase;
			buildActionMask = 2147483647;
			files = (
			);
			runOnlyForDeploymentPostprocessing = 0;
		};
/* End PBXResourcesBuildPhase section */

/* Begin PBXSourcesBuildPhase section */
		5C9F667424FCC3B300B49936 /* Sources */ = {
			isa = PBXSourcesBuildPhase;
			buildActionMask = 2147483647;
			files = (
				5C9F668024FCC3B300B49936 /* ViewController.swift in Sources */,
				5C9F667C24FCC3B300B49936 /* AppDelegate.swift in Sources */,
				5C9F667E24FCC3B300B49936 /* SceneDelegate.swift in Sources */,
			);
			runOnlyForDeploymentPostprocessing = 0;
		};
		5C9F668A24FCC3B400B49936 /* Sources */ = {
			isa = PBXSourcesBuildPhase;
			buildActionMask = 2147483647;
			files = (
				5C9F669324FCC3B400B49936 /* NumberOfTimesTests.swift in Sources */,
			);
			runOnlyForDeploymentPostprocessing = 0;
		};
		5C9F669524FCC3B400B49936 /* Sources */ = {
			isa = PBXSourcesBuildPhase;
			buildActionMask = 2147483647;
			files = (
				5C9F669E24FCC3B400B49936 /* NumberOfTimesUITests.swift in Sources */,
			);
			runOnlyForDeploymentPostprocessing = 0;
		};
/* End PBXSourcesBuildPhase section */

/* Begin PBXTargetDependency section */
		5C9F669024FCC3B400B49936 /* PBXTargetDependency */ = {
			isa = PBXTargetDependency;
			target = 5C9F667724FCC3B300B49936 /* NumberOfTimes */;
			targetProxy = 5C9F668F24FCC3B400B49936 /* PBXContainerItemProxy */;
		};
		5C9F669B24FCC3B400B49936 /* PBXTargetDependency */ = {
			isa = PBXTargetDependency;
			target = 5C9F667724FCC3B300B49936 /* NumberOfTimes */;
			targetProxy = 5C9F669A24FCC3B400B49936 /* PBXContainerItemProxy */;
		};
/* End PBXTargetDependency section */

/* Begin PBXVariantGroup section */
		5C9F668124FCC3B300B49936 /* Main.storyboard */ = {
			isa = PBXVariantGroup;
			children = (
				5C9F668224FCC3B300B49936 /* Base */,
			);
			name = Main.storyboard;
			sourceTree = "<group>";
		};
		5C9F668624FCC3B400B49936 /* LaunchScreen.storyboard */ = {
			isa = PBXVariantGroup;
			children = (
				5C9F668724FCC3B400B49936 /* Base */,
			);
			name = LaunchScreen.storyboard;
			sourceTree = "<group>";
		};
/* End PBXVariantGroup section */

/* Begin XCBuildConfiguration section */
		5C9F66A024FCC3B400B49936 /* Debug */ = {
			isa = XCBuildConfiguration;
			buildSettings = {
				ALWAYS_SEARCH_USER_PATHS = NO;
				CLANG_ANALYZER_NONNULL = YES;
				CLANG_ANALYZER_NUMBER_OBJECT_CONVERSION = YES_AGGRESSIVE;
				CLANG_CXX_LANGUAGE_STANDARD = "gnu++14";
				CLANG_CXX_LIBRARY = "libc++";
				CLANG_ENABLE_MODULES = YES;
				CLANG_ENABLE_OBJC_ARC = YES;
				CLANG_ENABLE_OBJC_WEAK = YES;
				CLANG_WARN_BLOCK_CAPTURE_AUTORELEASING = YES;
				CLANG_WARN_BOOL_CONVERSION = YES;
				CLANG_WARN_COMMA = YES;
				CLANG_WARN_CONSTANT_CONVERSION = YES;
				CLANG_WARN_DEPRECATED_OBJC_IMPLEMENTATIONS = YES;
				CLANG_WARN_DIRECT_OBJC_ISA_USAGE = YES_ERROR;
				CLANG_WARN_DOCUMENTATION_COMMENTS = YES;
				CLANG_WARN_EMPTY_BODY = YES;
				CLANG_WARN_ENUM_CONVERSION = YES;
				CLANG_WARN_INFINITE_RECURSION = YES;
				CLANG_WARN_INT_CONVERSION = YES;
				CLANG_WARN_NON_LITERAL_NULL_CONVERSION = YES;
				CLANG_WARN_OBJC_IMPLICIT_RETAIN_SELF = YES;
				CLANG_WARN_OBJC_LITERAL_CONVERSION = YES;
				CLANG_WARN_OBJC_ROOT_CLASS = YES_ERROR;
				CLANG_WARN_RANGE_LOOP_ANALYSIS = YES;
				CLANG_WARN_STRICT_PROTOTYPES = YES;
				CLANG_WARN_SUSPICIOUS_MOVE = YES;
				CLANG_WARN_UNGUARDED_AVAILABILITY = YES_AGGRESSIVE;
				CLANG_WARN_UNREACHABLE_CODE = YES;
				CLANG_WARN__DUPLICATE_METHOD_MATCH = YES;
				COPY_PHASE_STRIP = NO;
				DEBUG_INFORMATION_FORMAT = dwarf;
				ENABLE_STRICT_OBJC_MSGSEND = YES;
				ENABLE_TESTABILITY = YES;
				GCC_C_LANGUAGE_STANDARD = gnu11;
				GCC_DYNAMIC_NO_PIC = NO;
				GCC_NO_COMMON_BLOCKS = YES;
				GCC_OPTIMIZATION_LEVEL = 0;
				GCC_PREPROCESSOR_DEFINITIONS = (
					"DEBUG=1",
					"$(inherited)",
				);
				GCC_WARN_64_TO_32_BIT_CONVERSION = YES;
				GCC_WARN_ABOUT_RETURN_TYPE = YES_ERROR;
				GCC_WARN_UNDECLARED_SELECTOR = YES;
				GCC_WARN_UNINITIALIZED_AUTOS = YES_AGGRESSIVE;
				GCC_WARN_UNUSED_FUNCTION = YES;
				GCC_WARN_UNUSED_VARIABLE = YES;
				IPHONEOS_DEPLOYMENT_TARGET = 13.5;
				MTL_ENABLE_DEBUG_INFO = INCLUDE_SOURCE;
				MTL_FAST_MATH = YES;
				ONLY_ACTIVE_ARCH = YES;
				SDKROOT = iphoneos;
				SWIFT_ACTIVE_COMPILATION_CONDITIONS = DEBUG;
				SWIFT_OPTIMIZATION_LEVEL = "-Onone";
			};
			name = Debug;
		};
		5C9F66A124FCC3B400B49936 /* Release */ = {
			isa = XCBuildConfiguration;
			buildSettings = {
				ALWAYS_SEARCH_USER_PATHS = NO;
				CLANG_ANALYZER_NONNULL = YES;
				CLANG_ANALYZER_NUMBER_OBJECT_CONVERSION = YES_AGGRESSIVE;
				CLANG_CXX_LANGUAGE_STANDARD = "gnu++14";
				CLANG_CXX_LIBRARY = "libc++";
				CLANG_ENABLE_MODULES = YES;
				CLANG_ENABLE_OBJC_ARC = YES;
				CLANG_ENABLE_OBJC_WEAK = YES;
				CLANG_WARN_BLOCK_CAPTURE_AUTORELEASING = YES;
				CLANG_WARN_BOOL_CONVERSION = YES;
				CLANG_WARN_COMMA = YES;
				CLANG_WARN_CONSTANT_CONVERSION = YES;
				CLANG_WARN_DEPRECATED_OBJC_IMPLEMENTATIONS = YES;
				CLANG_WARN_DIRECT_OBJC_ISA_USAGE = YES_ERROR;
				CLANG_WARN_DOCUMENTATION_COMMENTS = YES;
				CLANG_WARN_EMPTY_BODY = YES;
				CLANG_WARN_ENUM_CONVERSION = YES;
				CLANG_WARN_INFINITE_RECURSION = YES;
				CLANG_WARN_INT_CONVERSION = YES;
				CLANG_WARN_NON_LITERAL_NULL_CONVERSION = YES;
				CLANG_WARN_OBJC_IMPLICIT_RETAIN_SELF = YES;
				CLANG_WARN_OBJC_LITERAL_CONVERSION = YES;
				CLANG_WARN_OBJC_ROOT_CLASS = YES_ERROR;
				CLANG_WARN_RANGE_LOOP_ANALYSIS = YES;
				CLANG_WARN_STRICT_PROTOTYPES = YES;
				CLANG_WARN_SUSPICIOUS_MOVE = YES;
				CLANG_WARN_UNGUARDED_AVAILABILITY = YES_AGGRESSIVE;
				CLANG_WARN_UNREACHABLE_CODE = YES;
				CLANG_WARN__DUPLICATE_METHOD_MATCH = YES;
				COPY_PHASE_STRIP = NO;
				DEBUG_INFORMATION_FORMAT = "dwarf-with-dsym";
				ENABLE_NS_ASSERTIONS = NO;
				ENABLE_STRICT_OBJC_MSGSEND = YES;
				GCC_C_LANGUAGE_STANDARD = gnu11;
				GCC_NO_COMMON_BLOCKS = YES;
				GCC_WARN_64_TO_32_BIT_CONVERSION = YES;
				GCC_WARN_ABOUT_RETURN_TYPE = YES_ERROR;
				GCC_WARN_UNDECLARED_SELECTOR = YES;
				GCC_WARN_UNINITIALIZED_AUTOS = YES_AGGRESSIVE;
				GCC_WARN_UNUSED_FUNCTION = YES;
				GCC_WARN_UNUSED_VARIABLE = YES;
				IPHONEOS_DEPLOYMENT_TARGET = 13.5;
				MTL_ENABLE_DEBUG_INFO = NO;
				MTL_FAST_MATH = YES;
				SDKROOT = iphoneos;
				SWIFT_COMPILATION_MODE = wholemodule;
				SWIFT_OPTIMIZATION_LEVEL = "-O";
				VALIDATE_PRODUCT = YES;
			};
			name = Release;
		};
		5C9F66A324FCC3B400B49936 /* Debug */ = {
			isa = XCBuildConfiguration;
			buildSettings = {
				ASSETCATALOG_COMPILER_APPICON_NAME = AppIcon;
				CODE_SIGN_STYLE = Automatic;
				INFOPLIST_FILE = NumberOfTimes/Info.plist;
				LD_RUNPATH_SEARCH_PATHS = (
					"$(inherited)",
					"@executable_path/Frameworks",
				);
				PRODUCT_BUNDLE_IDENTIFIER = com.shreyasvilaschandrabhike.NumberOfTimes;
				PRODUCT_NAME = "$(TARGET_NAME)";
				SWIFT_VERSION = 5.0;
				TARGETED_DEVICE_FAMILY = "1,2";
			};
			name = Debug;
		};
		5C9F66A424FCC3B400B49936 /* Release */ = {
			isa = XCBuildConfiguration;
			buildSettings = {
				ASSETCATALOG_COMPILER_APPICON_NAME = AppIcon;
				CODE_SIGN_STYLE = Automatic;
				INFOPLIST_FILE = NumberOfTimes/Info.plist;
				LD_RUNPATH_SEARCH_PATHS = (
					"$(inherited)",
					"@executable_path/Frameworks",
				);
				PRODUCT_BUNDLE_IDENTIFIER = com.shreyasvilaschandrabhike.NumberOfTimes;
				PRODUCT_NAME = "$(TARGET_NAME)";
				SWIFT_VERSION = 5.0;
				TARGETED_DEVICE_FAMILY = "1,2";
			};
			name = Release;
		};
		5C9F66A624FCC3B400B49936 /* Debug */ = {
			isa = XCBuildConfiguration;
			buildSettings = {
				ALWAYS_EMBED_SWIFT_STANDARD_LIBRARIES = YES;
				BUNDLE_LOADER = "$(TEST_HOST)";
				CODE_SIGN_STYLE = Automatic;
				INFOPLIST_FILE = NumberOfTimesTests/Info.plist;
				IPHONEOS_DEPLOYMENT_TARGET = 13.5;
				LD_RUNPATH_SEARCH_PATHS = (
					"$(inherited)",
					"@executable_path/Frameworks",
					"@loader_path/Frameworks",
				);
				PRODUCT_BUNDLE_IDENTIFIER = com.shreyasvilaschandrabhike.NumberOfTimesTests;
				PRODUCT_NAME = "$(TARGET_NAME)";
				SWIFT_VERSION = 5.0;
				TARGETED_DEVICE_FAMILY = "1,2";
				TEST_HOST = "$(BUILT_PRODUCTS_DIR)/NumberOfTimes.app/NumberOfTimes";
			};
			name = Debug;
		};
		5C9F66A724FCC3B400B49936 /* Release */ = {
			isa = XCBuildConfiguration;
			buildSettings = {
				ALWAYS_EMBED_SWIFT_STANDARD_LIBRARIES = YES;
				BUNDLE_LOADER = "$(TEST_HOST)";
				CODE_SIGN_STYLE = Automatic;
				INFOPLIST_FILE = NumberOfTimesTests/Info.plist;
				IPHONEOS_DEPLOYMENT_TARGET = 13.5;
				LD_RUNPATH_SEARCH_PATHS = (
					"$(inherited)",
					"@executable_path/Frameworks",
					"@loader_path/Frameworks",
				);
				PRODUCT_BUNDLE_IDENTIFIER = com.shreyasvilaschandrabhike.NumberOfTimesTests;
				PRODUCT_NAME = "$(TARGET_NAME)";
				SWIFT_VERSION = 5.0;
				TARGETED_DEVICE_FAMILY = "1,2";
				TEST_HOST = "$(BUILT_PRODUCTS_DIR)/NumberOfTimes.app/NumberOfTimes";
			};
			name = Release;
		};
		5C9F66A924FCC3B400B49936 /* Debug */ = {
			isa = XCBuildConfiguration;
			buildSettings = {
				ALWAYS_EMBED_SWIFT_STANDARD_LIBRARIES = YES;
				CODE_SIGN_STYLE = Automatic;
				INFOPLIST_FILE = NumberOfTimesUITests/Info.plist;
				LD_RUNPATH_SEARCH_PATHS = (
					"$(inherited)",
					"@executable_path/Frameworks",
					"@loader_path/Frameworks",
				);
				PRODUCT_BUNDLE_IDENTIFIER = com.shreyasvilaschandrabhike.NumberOfTimesUITests;
				PRODUCT_NAME = "$(TARGET_NAME)";
				SWIFT_VERSION = 5.0;
				TARGETED_DEVICE_FAMILY = "1,2";
				TEST_TARGET_NAME = NumberOfTimes;
			};
			name = Debug;
		};
		5C9F66AA24FCC3B400B49936 /* Release */ = {
			isa = XCBuildConfiguration;
			buildSettings = {
				ALWAYS_EMBED_SWIFT_STANDARD_LIBRARIES = YES;
				CODE_SIGN_STYLE = Automatic;
				INFOPLIST_FILE = NumberOfTimesUITests/Info.plist;
				LD_RUNPATH_SEARCH_PATHS = (
					"$(inherited)",
					"@executable_path/Frameworks",
					"@loader_path/Frameworks",
				);
				PRODUCT_BUNDLE_IDENTIFIER = com.shreyasvilaschandrabhike.NumberOfTimesUITests;
				PRODUCT_NAME = "$(TARGET_NAME)";
				SWIFT_VERSION = 5.0;
				TARGETED_DEVICE_FAMILY = "1,2";
				TEST_TARGET_NAME = NumberOfTimes;
			};
			name = Release;
		};
/* End XCBuildConfiguration section */

/* Begin XCConfigurationList section */
		5C9F667324FCC3B200B49936 /* Build configuration list for PBXProject "NumberOfTimes" */ = {
			isa = XCConfigurationList;
			buildConfigurations = (
				5C9F66A024FCC3B400B49936 /* Debug */,
				5C9F66A124FCC3B400B49936 /* Release */,
			);
			defaultConfigurationIsVisible = 0;
			defaultConfigurationName = Release;
		};
		5C9F66A224FCC3B400B49936 /* Build configuration list for PBXNativeTarget "NumberOfTimes" */ = {
			isa = XCConfigurationList;
			buildConfigurations = (
				5C9F66A324FCC3B400B49936 /* Debug */,
				5C9F66A424FCC3B400B49936 /* Release */,
			);
			defaultConfigurationIsVisible = 0;
			defaultConfigurationName = Release;
		};
		5C9F66A524FCC3B400B49936 /* Build configuration list for PBXNativeTarget "NumberOfTimesTests" */ = {
			isa = XCConfigurationList;
			buildConfigurations = (
				5C9F66A624FCC3B400B49936 /* Debug */,
				5C9F66A724FCC3B400B49936 /* Release */,
			);
			defaultConfigurationIsVisible = 0;
			defaultConfigurationName = Release;
		};
		5C9F66A824FCC3B400B49936 /* Build configuration list for PBXNativeTarget "NumberOfTimesUITests" */ = {
			isa = XCConfigurationList;
			buildConfigurations = (
				5C9F66A924FCC3B400B49936 /* Debug */,
				5C9F66AA24FCC3B400B49936 /* Release */,
			);
			defaultConfigurationIsVisible = 0;
			defaultConfigurationName = Release;
		};
/* End XCConfigurationList section */
	};
	rootObject = 5C9F667024FCC3B200B49936 /* Project object */;
}
